<?xml version="1.0" encoding="UTF-8" standalone="yes" ?>
<CodeBlocks_project_file>
	<FileVersion major="1" minor="6" />
	<Project>
		<Option title="escape" />
		<Option pch_mode="2" />
		<Option compiler="gcc" />
		<Option virtualFolders="Components\;Libraries\;Libraries\Ginseng\;Libraries\Inugami\;Libraries\Inugami\detail\;Meta\;Game\;" />
		<Build>
			<Target title="Debug">
				<Option output="bin/Debug/escape" prefix_auto="1" extension_auto="1" />
				<Option object_output="obj/Debug/" />
				<Option type="1" />
				<Option compiler="gcc" />
				<Compiler>
					<Add option="-g" />
					<Add directory="src" />
				</Compiler>
			</Target>
			<Target title="Release">
				<Option output="bin/Release/escape" prefix_auto="1" extension_auto="1" />
				<Option object_output="obj/Release/" />
				<Option type="1" />
				<Option compiler="gcc" />
				<Compiler>
					<Add option="-fexpensive-optimizations" />
					<Add option="-O2" />
					<Add directory="src" />
				</Compiler>
				<Linker>
					<Add option="-s" />
				</Linker>
			</Target>
		</Build>
		<Compiler>
			<Add option="-pedantic" />
			<Add option="-std=c++11" />
			<Add option="-Wall" />
			<Add option="-DGLM_FORCE_RADIANS" />
			<Add option="-DGLEW_STATIC" />
		</Compiler>
		<Linker>
			<Add library="glfw3" />
			<Add library="glew32" />
			<Add library="opengl32" />
			<Add library="gdi32" />
			<Add library="yaml-cpp" />
			<Add library="png" />
			<Add library="z" />
		</Linker>
		<Unit filename="src/component.ai.hpp">
			<Option virtualFolder="Components/" />
		</Unit>
		<Unit filename="src/component.ai.playerai.cpp">
			<Option virtualFolder="Components/" />
		</Unit>
		<Unit filename="src/component.ai.playerai.hpp">
			<Option virtualFolder="Components/" />
		</Unit>
		<Unit filename="src/component.camlook.hpp">
			<Option virtualFolder="Components/" />
		</Unit>
		<Unit filename="src/component.position.hpp">
			<Option virtualFolder="Components/" />
		</Unit>
		<Unit filename="src/component.solid.hpp">
			<Option virtualFolder="Components/" />
		</Unit>
		<Unit filename="src/component.sprite.hpp">
			<Option virtualFolder="Components/" />
		</Unit>
		<Unit filename="src/component.velocity.hpp">
			<Option virtualFolder="Components/" />
		</Unit>
		<Unit filename="src/components.hpp">
			<Option virtualFolder="Components/" />
		</Unit>
		<Unit filename="src/game.cpp">
			<Option virtualFolder="Game/" />
		</Unit>
		<Unit filename="src/game.hpp">
			<Option virtualFolder="Game/" />
		</Unit>
		<Unit filename="src/ginseng/ginseng.hpp">
			<Option virtualFolder="Libraries/Ginseng/" />
		</Unit>
		<Unit filename="src/inugami/animatedsprite.cpp">
			<Option virtualFolder="Libraries/Inugami/" />
		</Unit>
		<Unit filename="src/inugami/animatedsprite.hpp">
			<Option virtualFolder="Libraries/Inugami/" />
		</Unit>
		<Unit filename="src/inugami/camera.cpp">
			<Option virtualFolder="Libraries/Inugami/" />
		</Unit>
		<Unit filename="src/inugami/camera.hpp">
			<Option virtualFolder="Libraries/Inugami/" />
		</Unit>
		<Unit filename="src/inugami/core.cpp">
			<Option virtualFolder="Libraries/Inugami/" />
		</Unit>
		<Unit filename="src/inugami/core.hpp">
			<Option virtualFolder="Libraries/Inugami/" />
		</Unit>
		<Unit filename="src/inugami/detail/addonce.hpp">
			<Option virtualFolder="Libraries/Inugami/detail/" />
		</Unit>
		<Unit filename="src/inugami/detail/constattr.hpp">
			<Option virtualFolder="Libraries/Inugami/detail/" />
		</Unit>
		<Unit filename="src/inugami/detail/containerutils.hpp">
			<Option virtualFolder="Libraries/Inugami/detail/" />
		</Unit>
		<Unit filename="src/inugami/detail/edgedetector.hpp">
			<Option virtualFolder="Libraries/Inugami/detail/" />
		</Unit>
		<Unit filename="src/inugami/detail/streamutils.hpp">
			<Option virtualFolder="Libraries/Inugami/detail/" />
		</Unit>
		<Unit filename="src/inugami/exception.cpp">
			<Option virtualFolder="Libraries/Inugami/" />
		</Unit>
		<Unit filename="src/inugami/exception.hpp">
			<Option virtualFolder="Libraries/Inugami/" />
		</Unit>
		<Unit filename="src/inugami/geometry.cpp">
			<Option virtualFolder="Libraries/Inugami/" />
		</Unit>
		<Unit filename="src/inugami/geometry.hpp">
			<Option virtualFolder="Libraries/Inugami/" />
		</Unit>
		<Unit filename="src/inugami/image.cpp">
			<Option virtualFolder="Libraries/Inugami/" />
		</Unit>
		<Unit filename="src/inugami/image.hpp">
			<Option virtualFolder="Libraries/Inugami/" />
		</Unit>
		<Unit filename="src/inugami/interface.cpp">
			<Option virtualFolder="Libraries/Inugami/" />
		</Unit>
		<Unit filename="src/inugami/interface.hpp">
			<Option virtualFolder="Libraries/Inugami/" />
		</Unit>
		<Unit filename="src/inugami/inugami.hpp">
			<Option virtualFolder="Libraries/Inugami/" />
		</Unit>
		<Unit filename="src/inugami/inugl.cpp">
			<Option virtualFolder="Libraries/Inugami/" />
		</Unit>
		<Unit filename="src/inugami/inugl.h">
			<Option virtualFolder="Libraries/Inugami/" />
		</Unit>
		<Unit filename="src/inugami/loaders.cpp">
			<Option virtualFolder="Libraries/Inugami/" />
		</Unit>
		<Unit filename="src/inugami/loaders.hpp">
			<Option virtualFolder="Libraries/Inugami/" />
		</Unit>
		<Unit filename="src/inugami/logger.hpp">
			<Option virtualFolder="Libraries/Inugami/" />
		</Unit>
		<Unit filename="src/inugami/math.hpp">
			<Option virtualFolder="Libraries/Inugami/" />
		</Unit>
		<Unit filename="src/inugami/mathtypes.hpp">
			<Option virtualFolder="Libraries/Inugami/" />
		</Unit>
		<Unit filename="src/inugami/mesh.cpp">
			<Option virtualFolder="Libraries/Inugami/" />
		</Unit>
		<Unit filename="src/inugami/mesh.hpp">
			<Option virtualFolder="Libraries/Inugami/" />
		</Unit>
		<Unit filename="src/inugami/opengl.hpp">
			<Option virtualFolder="Libraries/Inugami/" />
		</Unit>
		<Unit filename="src/inugami/pixel.cpp">
			<Option virtualFolder="Libraries/Inugami/" />
		</Unit>
		<Unit filename="src/inugami/pixel.hpp">
			<Option virtualFolder="Libraries/Inugami/" />
		</Unit>
		<Unit filename="src/inugami/profiler.cpp">
			<Option virtualFolder="Libraries/Inugami/" />
		</Unit>
		<Unit filename="src/inugami/profiler.hpp">
			<Option virtualFolder="Libraries/Inugami/" />
		</Unit>
		<Unit filename="src/inugami/shader.cpp">
			<Option virtualFolder="Libraries/Inugami/" />
		</Unit>
		<Unit filename="src/inugami/shader.hpp">
			<Option virtualFolder="Libraries/Inugami/" />
		</Unit>
		<Unit filename="src/inugami/shaderprogram.cpp">
			<Option virtualFolder="Libraries/Inugami/" />
		</Unit>
		<Unit filename="src/inugami/shaderprogram.hpp">
			<Option virtualFolder="Libraries/Inugami/" />
		</Unit>
		<Unit filename="src/inugami/spritesheet.cpp">
			<Option virtualFolder="Libraries/Inugami/" />
		</Unit>
		<Unit filename="src/inugami/spritesheet.hpp">
			<Option virtualFolder="Libraries/Inugami/" />
		</Unit>
		<Unit filename="src/inugami/texture.cpp">
			<Option virtualFolder="Libraries/Inugami/" />
		</Unit>
		<Unit filename="src/inugami/texture.hpp">
			<Option virtualFolder="Libraries/Inugami/" />
		</Unit>
		<Unit filename="src/inugami/transform.cpp">
			<Option virtualFolder="Libraries/Inugami/" />
		</Unit>
		<Unit filename="src/inugami/transform.hpp">
			<Option virtualFolder="Libraries/Inugami/" />
		</Unit>
		<Unit filename="src/inugami/utility.hpp">
			<Option virtualFolder="Libraries/Inugami/" />
		</Unit>
		<Unit filename="src/level.cpp">
			<Option virtualFolder="Game/" />
		</Unit>
		<Unit filename="src/level.hpp">
			<Option virtualFolder="Game/" />
		</Unit>
		<Unit filename="src/main.cpp">
			<Option virtualFolder="Meta/" />
		</Unit>
		<Unit filename="src/meta.cpp">
			<Option virtualFolder="Meta/" />
		</Unit>
		<Unit filename="src/meta.hpp">
			<Option virtualFolder="Meta/" />
		</Unit>
		<Unit filename="src/rect.cpp">
			<Option virtualFolder="Game/" />
		</Unit>
		<Unit filename="src/rect.hpp">
			<Option virtualFolder="Game/" />
		</Unit>
		<Unit filename="src/resourcepool.hpp">
			<Option virtualFolder="Meta/" />
		</Unit>
		<Unit filename="src/smoothcamera.cpp">
			<Option virtualFolder="Game/" />
		</Unit>
		<Unit filename="src/smoothcamera.hpp">
			<Option virtualFolder="Game/" />
		</Unit>
		<Unit filename="src/spritedata.cpp">
			<Option virtualFolder="Game/" />
		</Unit>
		<Unit filename="src/spritedata.hpp">
			<Option virtualFolder="Game/" />
		</Unit>
		<Extensions>
			<code_completion />
			<envvars />
			<debugger />
		</Extensions>
	</Project>
</CodeBlocks_project_file>
